{
  "nodes": {
    "nixpkgs": {
      "locked": {
        "lastModified": 1786106723,
        "narHash": "sha256-zDSUbpoeo/9ZmD2+wXnzxoo1+uhL8vxc0b8yuYMKYq0=",
        "owner": "NixOS",
        "repo": "nixpkgs",
        "rev": "f13ff45afd1bb73e640eaa08a7066dbed07e3238",
        "type": "github"
      },
      "original": {
        "owner": "NixOS",
        "ref": "nixos-unstable",
        "repo": "nixpkgs",
        "type": "github"
      }
    },
    "nixpkgs-x86_64-darwin": {
      "locked": {
        "lastModified": 1786444855,
        "narHash": "sha256-Uu0Qa0gg5Ztgl7EYhAEIDy0jJioPPP43zLqSNoMlAV4=",
        "owner": "NixOS",
        "repo": "nixpkgs",
        "rev": "2e49fce950fece113519c5d75da869601d01550f",
        "type": "github"
      },
      "original": {
        "owner": "NixOS",
        "ref": "nixpkgs-26.05-darwin",
        "repo": "nixpkgs",
        "type": "github"
      }
    },
    "root": {
      "inputs": {
        "nixpkgs": "nixpkgs",
        "nixpkgs-x86_64-darwin": "nixpkgs-x86_64-darwin"
      }
    }
  },
  "root": "root",
  "version": 7
}
